
Microsoft Visual Studio Solution File, Format Version 12.00
# Visual Studio Version 17
VisualStudioVersion = 17.8.34330.188
MinimumVisualStudioVersion = 10.0.40219.1
Project("{FAE04EC0-301F-11D3-BF4B-00C04F79EFBC}") = "AngularAuthAPI", "AngularAuthAPI\AngularAuthAPI.csproj", "{B54F148D-C390-46A6-B3F7-6983EFEA0058}"
EndProject
Global
	GlobalSection(SolutionConfigurationPlatforms) = preSolution
		Debug|Any CPU = Debug|Any CPU
		Release|Any CPU = Release|Any CPU
	EndGlobalSection
	GlobalSection(ProjectConfigurationPlatforms) = postSolution
		{B54F148D-C390-46A6-B3F7-6983EFEA0058}.Debug|Any CPU.ActiveCfg = Debug|Any CPU
		{B54F148D-C390-46A6-B3F7-6983EFEA0058}.Debug|Any CPU.Build.0 = Debug|Any CPU
		{B54F148D-C390-46A6-B3F7-6983EFEA0058}.Release|Any CPU.ActiveCfg = Release|Any CPU
		{B54F148D-C390-46A6-B3F7-6983EFEA0058}.Release|Any CPU.Build.0 = Release|Any CPU
	EndGlobalSection
	GlobalSection(SolutionProperties) = preSolution
		HideSolutionNode = FALSE
	EndGlobalSection
	GlobalSection(ExtensibilityGlobals) = postSolution
		SolutionGuid = {73CFAAC3-6C1C-4BAC-8CAF-168370D7EEA6}
	EndGlobalSection
EndGlobal
